
Microsoft Visual Studio Solution File, Format Version 12.00
# Visual Studio Version 17
VisualStudioVersion = 17.11.35222.181
MinimumVisualStudioVersion = 10.0.40219.1
Project("{2150E333-8FDC-42A3-9474-1A3956D46DE8}") = "DictionaryTasks", "DictionaryTasks", "{7590ACAE-E762-476C-A041-7EF46BB01BF6}"
EndProject
Project("{2150E333-8FDC-42A3-9474-1A3956D46DE8}") = "ListTasks", "ListTasks", "{66A81512-6A6F-4157-A93F-F265BAF12E69}"
EndProject
Project("{FAE04EC0-301F-11D3-BF4B-00C04F79EFBC}") = "Dictionary1", "Dictionary1\Dictionary1.csproj", "{683E3369-93AB-43AD-95D0-6B6CF20B3B59}"
EndProject
Project("{FAE04EC0-301F-11D3-BF4B-00C04F79EFBC}") = "Dictionary2", "Dictionary2\Dictionary2.csproj", "{13DC36CF-17AF-4BEE-94D5-27B7E274C5E8}"
EndProject
Project("{FAE04EC0-301F-11D3-BF4B-00C04F79EFBC}") = "Dictionary3", "Dictionary3\Dictionary3.csproj", "{CB8B99D7-9938-4A68-A29F-07F156CDE07F}"
EndProject
Project("{FAE04EC0-301F-11D3-BF4B-00C04F79EFBC}") = "Dictionary4", "Dictionary4\Dictionary4.csproj", "{C240CDF5-86C7-4167-AC95-E56C4C8313BC}"
EndProject
Project("{FAE04EC0-301F-11D3-BF4B-00C04F79EFBC}") = "Dictionary5", "Dictionary5\Dictionary5.csproj", "{797F1C1E-22B9-42F4-A9D2-B25E571E72C0}"
EndProject
Project("{FAE04EC0-301F-11D3-BF4B-00C04F79EFBC}") = "Dictionary6", "Dictionary6\Dictionary6.csproj", "{5C7C77AA-FC0A-4FFC-877A-5AB9DAE32CF5}"
EndProject
Project("{FAE04EC0-301F-11D3-BF4B-00C04F79EFBC}") = "Dictionary7", "Dictionary7\Dictionary7.csproj", "{BC89537A-08A3-4BCC-8E04-00CC817EECBA}"
EndProject
Project("{FAE04EC0-301F-11D3-BF4B-00C04F79EFBC}") = "Dictionary8", "Dictionary8\Dictionary8.csproj", "{91D4A155-050B-451D-80C9-3B6B7CFE4232}"
EndProject
Project("{FAE04EC0-301F-11D3-BF4B-00C04F79EFBC}") = "Dictionary9", "Dictionary9\Dictionary9.csproj", "{9774A953-7722-4502-9224-4CA08EB32D75}"
EndProject
Project("{FAE04EC0-301F-11D3-BF4B-00C04F79EFBC}") = "List1", "List1\List1.csproj", "{586719AF-711A-41BB-8F1D-C27BB09090BE}"
EndProject
Project("{FAE04EC0-301F-11D3-BF4B-00C04F79EFBC}") = "List2", "List2\List2.csproj", "{028FB2EF-6CC3-4420-95F0-D32111BE1073}"
EndProject
Project("{FAE04EC0-301F-11D3-BF4B-00C04F79EFBC}") = "List3", "List3\List3.csproj", "{BB16F4C8-EEC7-4010-A317-6B13AD474C93}"
EndProject
Project("{FAE04EC0-301F-11D3-BF4B-00C04F79EFBC}") = "List4", "List4\List4.csproj", "{CF4AB4D6-79E7-4A0E-BA83-1B94C1A415FB}"
EndProject
Project("{FAE04EC0-301F-11D3-BF4B-00C04F79EFBC}") = "List5", "List5\List5.csproj", "{A0A59858-B647-45FD-B6F9-4D7919F7093E}"
EndProject
Project("{FAE04EC0-301F-11D3-BF4B-00C04F79EFBC}") = "List6", "List6\List6.csproj", "{C7087AB5-6461-427A-AC5C-4C431E73BDE8}"
EndProject
Project("{FAE04EC0-301F-11D3-BF4B-00C04F79EFBC}") = "List7", "List7\List7.csproj", "{A72D076F-A73A-4E34-B48B-7596231746B4}"
EndProject
Global
	GlobalSection(SolutionConfigurationPlatforms) = preSolution
		Debug|Any CPU = Debug|Any CPU
		Release|Any CPU = Release|Any CPU
	EndGlobalSection
	GlobalSection(ProjectConfigurationPlatforms) = postSolution
		{683E3369-93AB-43AD-95D0-6B6CF20B3B59}.Debug|Any CPU.ActiveCfg = Debug|Any CPU
		{683E3369-93AB-43AD-95D0-6B6CF20B3B59}.Debug|Any CPU.Build.0 = Debug|Any CPU
		{683E3369-93AB-43AD-95D0-6B6CF20B3B59}.Release|Any CPU.ActiveCfg = Release|Any CPU
		{683E3369-93AB-43AD-95D0-6B6CF20B3B59}.Release|Any CPU.Build.0 = Release|Any CPU
		{13DC36CF-17AF-4BEE-94D5-27B7E274C5E8}.Debug|Any CPU.ActiveCfg = Debug|Any CPU
		{13DC36CF-17AF-4BEE-94D5-27B7E274C5E8}.Debug|Any CPU.Build.0 = Debug|Any CPU
		{13DC36CF-17AF-4BEE-94D5-27B7E274C5E8}.Release|Any CPU.ActiveCfg = Release|Any CPU
		{13DC36CF-17AF-4BEE-94D5-27B7E274C5E8}.Release|Any CPU.Build.0 = Release|Any CPU
		{CB8B99D7-9938-4A68-A29F-07F156CDE07F}.Debug|Any CPU.ActiveCfg = Debug|Any CPU
		{CB8B99D7-9938-4A68-A29F-07F156CDE07F}.Debug|Any CPU.Build.0 = Debug|Any CPU
		{CB8B99D7-9938-4A68-A29F-07F156CDE07F}.Release|Any CPU.ActiveCfg = Release|Any CPU
		{CB8B99D7-9938-4A68-A29F-07F156CDE07F}.Release|Any CPU.Build.0 = Release|Any CPU
		{C240CDF5-86C7-4167-AC95-E56C4C8313BC}.Debug|Any CPU.ActiveCfg = Debug|Any CPU
		{C240CDF5-86C7-4167-AC95-E56C4C8313BC}.Debug|Any CPU.Build.0 = Debug|Any CPU
		{C240CDF5-86C7-4167-AC95-E56C4C8313BC}.Release|Any CPU.ActiveCfg = Release|Any CPU
		{C240CDF5-86C7-4167-AC95-E56C4C8313BC}.Release|Any CPU.Build.0 = Release|Any CPU
		{797F1C1E-22B9-42F4-A9D2-B25E571E72C0}.Debug|Any CPU.ActiveCfg = Debug|Any CPU
		{797F1C1E-22B9-42F4-A9D2-B25E571E72C0}.Debug|Any CPU.Build.0 = Debug|Any CPU
		{797F1C1E-22B9-42F4-A9D2-B25E571E72C0}.Release|Any CPU.ActiveCfg = Release|Any CPU
		{797F1C1E-22B9-42F4-A9D2-B25E571E72C0}.Release|Any CPU.Build.0 = Release|Any CPU
		{5C7C77AA-FC0A-4FFC-877A-5AB9DAE32CF5}.Debug|Any CPU.ActiveCfg = Debug|Any CPU
		{5C7C77AA-FC0A-4FFC-877A-5AB9DAE32CF5}.Debug|Any CPU.Build.0 = Debug|Any CPU
		{5C7C77AA-FC0A-4FFC-877A-5AB9DAE32CF5}.Release|Any CPU.ActiveCfg = Release|Any CPU
		{5C7C77AA-FC0A-4FFC-877A-5AB9DAE32CF5}.Release|Any CPU.Build.0 = Release|Any CPU
		{BC89537A-08A3-4BCC-8E04-00CC817EECBA}.Debug|Any CPU.ActiveCfg = Debug|Any CPU
		{BC89537A-08A3-4BCC-8E04-00CC817EECBA}.Debug|Any CPU.Build.0 = Debug|Any CPU
		{BC89537A-08A3-4BCC-8E04-00CC817EECBA}.Release|Any CPU.ActiveCfg = Release|Any CPU
		{BC89537A-08A3-4BCC-8E04-00CC817EECBA}.Release|Any CPU.Build.0 = Release|Any CPU
		{91D4A155-050B-451D-80C9-3B6B7CFE4232}.Debug|Any CPU.ActiveCfg = Debug|Any CPU
		{91D4A155-050B-451D-80C9-3B6B7CFE4232}.Debug|Any CPU.Build.0 = Debug|Any CPU
		{91D4A155-050B-451D-80C9-3B6B7CFE4232}.Release|Any CPU.ActiveCfg = Release|Any CPU
		{91D4A155-050B-451D-80C9-3B6B7CFE4232}.Release|Any CPU.Build.0 = Release|Any CPU
		{9774A953-7722-4502-9224-4CA08EB32D75}.Debug|Any CPU.ActiveCfg = Debug|Any CPU
		{9774A953-7722-4502-9224-4CA08EB32D75}.Debug|Any CPU.Build.0 = Debug|Any CPU
		{9774A953-7722-4502-9224-4CA08EB32D75}.Release|Any CPU.ActiveCfg = Release|Any CPU
		{9774A953-7722-4502-9224-4CA08EB32D75}.Release|Any CPU.Build.0 = Release|Any CPU
		{586719AF-711A-41BB-8F1D-C27BB09090BE}.Debug|Any CPU.ActiveCfg = Debug|Any CPU
		{586719AF-711A-41BB-8F1D-C27BB09090BE}.Debug|Any CPU.Build.0 = Debug|Any CPU
		{586719AF-711A-41BB-8F1D-C27BB09090BE}.Release|Any CPU.ActiveCfg = Release|Any CPU
		{586719AF-711A-41BB-8F1D-C27BB09090BE}.Release|Any CPU.Build.0 = Release|Any CPU
		{028FB2EF-6CC3-4420-95F0-D32111BE1073}.Debug|Any CPU.ActiveCfg = Debug|Any CPU
		{028FB2EF-6CC3-4420-95F0-D32111BE1073}.Debug|Any CPU.Build.0 = Debug|Any CPU
		{028FB2EF-6CC3-4420-95F0-D32111BE1073}.Release|Any CPU.ActiveCfg = Release|Any CPU
		{028FB2EF-6CC3-4420-95F0-D32111BE1073}.Release|Any CPU.Build.0 = Release|Any CPU
		{BB16F4C8-EEC7-4010-A317-6B13AD474C93}.Debug|Any CPU.ActiveCfg = Debug|Any CPU
		{BB16F4C8-EEC7-4010-A317-6B13AD474C93}.Debug|Any CPU.Build.0 = Debug|Any CPU
		{BB16F4C8-EEC7-4010-A317-6B13AD474C93}.Release|Any CPU.ActiveCfg = Release|Any CPU
		{BB16F4C8-EEC7-4010-A317-6B13AD474C93}.Release|Any CPU.Build.0 = Release|Any CPU
		{CF4AB4D6-79E7-4A0E-BA83-1B94C1A415FB}.Debug|Any CPU.ActiveCfg = Debug|Any CPU
		{CF4AB4D6-79E7-4A0E-BA83-1B94C1A415FB}.Debug|Any CPU.Build.0 = Debug|Any CPU
		{CF4AB4D6-79E7-4A0E-BA83-1B94C1A415FB}.Release|Any CPU.ActiveCfg = Release|Any CPU
		{CF4AB4D6-79E7-4A0E-BA83-1B94C1A415FB}.Release|Any CPU.Build.0 = Release|Any CPU
		{A0A59858-B647-45FD-B6F9-4D7919F7093E}.Debug|Any CPU.ActiveCfg = Debug|Any CPU
		{A0A59858-B647-45FD-B6F9-4D7919F7093E}.Debug|Any CPU.Build.0 = Debug|Any CPU
		{A0A59858-B647-45FD-B6F9-4D7919F7093E}.Release|Any CPU.ActiveCfg = Release|Any CPU
		{A0A59858-B647-45FD-B6F9-4D7919F7093E}.Release|Any CPU.Build.0 = Release|Any CPU
		{C7087AB5-6461-427A-AC5C-4C431E73BDE8}.Debug|Any CPU.ActiveCfg = Debug|Any CPU
		{C7087AB5-6461-427A-AC5C-4C431E73BDE8}.Debug|Any CPU.Build.0 = Debug|Any CPU
		{C7087AB5-6461-427A-AC5C-4C431E73BDE8}.Release|Any CPU.ActiveCfg = Release|Any CPU
		{C7087AB5-6461-427A-AC5C-4C431E73BDE8}.Release|Any CPU.Build.0 = Release|Any CPU
		{A72D076F-A73A-4E34-B48B-7596231746B4}.Debug|Any CPU.ActiveCfg = Debug|Any CPU
		{A72D076F-A73A-4E34-B48B-7596231746B4}.Debug|Any CPU.Build.0 = Debug|Any CPU
		{A72D076F-A73A-4E34-B48B-7596231746B4}.Release|Any CPU.ActiveCfg = Release|Any CPU
		{A72D076F-A73A-4E34-B48B-7596231746B4}.Release|Any CPU.Build.0 = Release|Any CPU
	EndGlobalSection
	GlobalSection(SolutionProperties) = preSolution
		HideSolutionNode = FALSE
	EndGlobalSection
	GlobalSection(NestedProjects) = preSolution
		{683E3369-93AB-43AD-95D0-6B6CF20B3B59} = {7590ACAE-E762-476C-A041-7EF46BB01BF6}
		{13DC36CF-17AF-4BEE-94D5-27B7E274C5E8} = {7590ACAE-E762-476C-A041-7EF46BB01BF6}
		{CB8B99D7-9938-4A68-A29F-07F156CDE07F} = {7590ACAE-E762-476C-A041-7EF46BB01BF6}
		{C240CDF5-86C7-4167-AC95-E56C4C8313BC} = {7590ACAE-E762-476C-A041-7EF46BB01BF6}
		{797F1C1E-22B9-42F4-A9D2-B25E571E72C0} = {7590ACAE-E762-476C-A041-7EF46BB01BF6}
		{5C7C77AA-FC0A-4FFC-877A-5AB9DAE32CF5} = {7590ACAE-E762-476C-A041-7EF46BB01BF6}
		{BC89537A-08A3-4BCC-8E04-00CC817EECBA} = {7590ACAE-E762-476C-A041-7EF46BB01BF6}
		{91D4A155-050B-451D-80C9-3B6B7CFE4232} = {7590ACAE-E762-476C-A041-7EF46BB01BF6}
		{9774A953-7722-4502-9224-4CA08EB32D75} = {7590ACAE-E762-476C-A041-7EF46BB01BF6}
		{586719AF-711A-41BB-8F1D-C27BB09090BE} = {66A81512-6A6F-4157-A93F-F265BAF12E69}
		{028FB2EF-6CC3-4420-95F0-D32111BE1073} = {66A81512-6A6F-4157-A93F-F265BAF12E69}
		{BB16F4C8-EEC7-4010-A317-6B13AD474C93} = {66A81512-6A6F-4157-A93F-F265BAF12E69}
		{CF4AB4D6-79E7-4A0E-BA83-1B94C1A415FB} = {66A81512-6A6F-4157-A93F-F265BAF12E69}
		{A0A59858-B647-45FD-B6F9-4D7919F7093E} = {66A81512-6A6F-4157-A93F-F265BAF12E69}
		{C7087AB5-6461-427A-AC5C-4C431E73BDE8} = {66A81512-6A6F-4157-A93F-F265BAF12E69}
		{A72D076F-A73A-4E34-B48B-7596231746B4} = {66A81512-6A6F-4157-A93F-F265BAF12E69}
	EndGlobalSection
	GlobalSection(ExtensibilityGlobals) = postSolution
		SolutionGuid = {A8407741-4F72-4AE8-A868-320252C11649}
	EndGlobalSection
EndGlobal
